
Microsoft Visual Studio Solution File, Format Version 12.00
# Visual Studio Version 17
VisualStudioVersion = 17.0.31903.59
MinimumVisualStudioVersion = 10.0.40219.1
Project("{2150E333-8FDC-42A3-9474-1A3956D46DE8}") = "src", "src", "{33E21002-E2AA-41F9-8A2A-871876D05538}"
EndProject
Project("{2150E333-8FDC-42A3-9474-1A3956D46DE8}") = "Backend", "Backend", "{87DD81B5-229E-459B-9FB0-8B8C045032B4}"
EndProject
Project("{FAE04EC0-301F-11D3-BF4B-00C04F79EFBC}") = "Backend.Api", "src\Backend\Api\Backend.Api.csproj", "{724F5E65-C933-4DF4-80C6-03EEB876ED3D}"
EndProject
Project("{FAE04EC0-301F-11D3-BF4B-00C04F79EFBC}") = "Backend.Application", "src\Backend\Application\Backend.Application.csproj", "{F725076A-2A19-4CC3-9BDD-0209B232D22F}"
EndProject
Project("{FAE04EC0-301F-11D3-BF4B-00C04F79EFBC}") = "Backend.Domain", "src\Backend\Domain\Backend.Domain.csproj", "{2050601A-D5AE-4246-BBE1-E6185B17B1BF}"
EndProject
Project("{FAE04EC0-301F-11D3-BF4B-00C04F79EFBC}") = "Backend.Infrastructure", "src\Backend\Infrastructure\Backend.Infrastructure.csproj", "{78BAC480-DCF6-4E2B-AE25-621F2B323EF9}"
EndProject
Project("{FAE04EC0-301F-11D3-BF4B-00C04F79EFBC}") = "Shared", "src\Shared\Shared.csproj", "{3BDABED2-AF67-478D-80E2-6279BC92AC04}"
EndProject
Global
	GlobalSection(SolutionConfigurationPlatforms) = preSolution
		Debug|Any CPU = Debug|Any CPU
		Release|Any CPU = Release|Any CPU
	EndGlobalSection
	GlobalSection(SolutionProperties) = preSolution
		HideSolutionNode = FALSE
	EndGlobalSection
	GlobalSection(ProjectConfigurationPlatforms) = postSolution
		{724F5E65-C933-4DF4-80C6-03EEB876ED3D}.Debug|Any CPU.ActiveCfg = Debug|Any CPU
		{724F5E65-C933-4DF4-80C6-03EEB876ED3D}.Debug|Any CPU.Build.0 = Debug|Any CPU
		{724F5E65-C933-4DF4-80C6-03EEB876ED3D}.Release|Any CPU.ActiveCfg = Release|Any CPU
		{724F5E65-C933-4DF4-80C6-03EEB876ED3D}.Release|Any CPU.Build.0 = Release|Any CPU
		{F725076A-2A19-4CC3-9BDD-0209B232D22F}.Debug|Any CPU.ActiveCfg = Debug|Any CPU
		{F725076A-2A19-4CC3-9BDD-0209B232D22F}.Debug|Any CPU.Build.0 = Debug|Any CPU
		{F725076A-2A19-4CC3-9BDD-0209B232D22F}.Release|Any CPU.ActiveCfg = Release|Any CPU
		{F725076A-2A19-4CC3-9BDD-0209B232D22F}.Release|Any CPU.Build.0 = Release|Any CPU
		{2050601A-D5AE-4246-BBE1-E6185B17B1BF}.Debug|Any CPU.ActiveCfg = Debug|Any CPU
		{2050601A-D5AE-4246-BBE1-E6185B17B1BF}.Debug|Any CPU.Build.0 = Debug|Any CPU
		{2050601A-D5AE-4246-BBE1-E6185B17B1BF}.Release|Any CPU.ActiveCfg = Release|Any CPU
		{2050601A-D5AE-4246-BBE1-E6185B17B1BF}.Release|Any CPU.Build.0 = Release|Any CPU
		{78BAC480-DCF6-4E2B-AE25-621F2B323EF9}.Debug|Any CPU.ActiveCfg = Debug|Any CPU
		{78BAC480-DCF6-4E2B-AE25-621F2B323EF9}.Debug|Any CPU.Build.0 = Debug|Any CPU
		{78BAC480-DCF6-4E2B-AE25-621F2B323EF9}.Release|Any CPU.ActiveCfg = Release|Any CPU
		{78BAC480-DCF6-4E2B-AE25-621F2B323EF9}.Release|Any CPU.Build.0 = Release|Any CPU
		{3BDABED2-AF67-478D-80E2-6279BC92AC04}.Debug|Any CPU.ActiveCfg = Debug|Any CPU
		{3BDABED2-AF67-478D-80E2-6279BC92AC04}.Debug|Any CPU.Build.0 = Debug|Any CPU
		{3BDABED2-AF67-478D-80E2-6279BC92AC04}.Release|Any CPU.ActiveCfg = Release|Any CPU
		{3BDABED2-AF67-478D-80E2-6279BC92AC04}.Release|Any CPU.Build.0 = Release|Any CPU
	EndGlobalSection
	GlobalSection(NestedProjects) = preSolution
		{87DD81B5-229E-459B-9FB0-8B8C045032B4} = {33E21002-E2AA-41F9-8A2A-871876D05538}
		{724F5E65-C933-4DF4-80C6-03EEB876ED3D} = {87DD81B5-229E-459B-9FB0-8B8C045032B4}
		{F725076A-2A19-4CC3-9BDD-0209B232D22F} = {87DD81B5-229E-459B-9FB0-8B8C045032B4}
		{2050601A-D5AE-4246-BBE1-E6185B17B1BF} = {87DD81B5-229E-459B-9FB0-8B8C045032B4}
		{78BAC480-DCF6-4E2B-AE25-621F2B323EF9} = {87DD81B5-229E-459B-9FB0-8B8C045032B4}
		{3BDABED2-AF67-478D-80E2-6279BC92AC04} = {33E21002-E2AA-41F9-8A2A-871876D05538}
	EndGlobalSection
EndGlobal
